{
    "hash": "d03def20f0d71f59af7bb81d01f4eebf",
    "packages": [
        {
            "name": "behat/behat",
            "version": "v2.4.0",
            "source": {
                "type": "git",
                "url": "git://github.com/Behat/Behat.git",
                "reference": "v2.4.0"
            },
            "dist": {
                "type": "zip",
                "url": "https://github.com/Behat/Behat/zipball/v2.4.0",
                "reference": "v2.4.0",
                "shasum": ""
            },
            "require": {
                "php": ">=5.3.1",
                "behat/gherkin": ">=2.2.0,<2.3.0-dev",
                "symfony/console": ">=2.0.0,<2.2.0-dev",
                "symfony/config": ">=2.0.0,<2.2.0-dev",
                "symfony/dependency-injection": ">=2.0.0,<2.2.0-dev",
                "symfony/event-dispatcher": ">=2.0.0,<2.2.0-dev",
                "symfony/translation": ">=2.0.0,<2.2.0-dev",
                "symfony/yaml": ">=2.0.0,<2.2.0-dev",
                "symfony/finder": ">=2.0.0,<2.2.0-dev"
            },
            "suggest": {
                "behat/mink-extension": "for integration of with Mink",
                "behat/yii-extension": "for integration of with Yii framework"
            },
            "time": "2012-05-15 01:23:46",
            "bin": [
                "bin/behat"
            ],
            "type": "library",
            "autoload": {
                "psr-0": {
                    "Behat\\Behat": "src/"
                }
            },
            "notification-url": "https://packagist.org/downloads/",
            "license": [
                "MIT"
            ],
            "authors": [
                {
                    "name": "Konstantin Kudryashov",
                    "email": "ever.zet@gmail.com",
                    "homepage": "http://everzet.com"
                }
            ],
            "description": "Scenario-oriented BDD framework for PHP 5.3",
            "homepage": "http://behat.org/",
            "keywords": [
                "Symfony2",
                "BDD",
                "Behat"
            ]
        },
        {
            "name": "behat/gherkin",
            "version": "v2.2.5",
            "source": {
                "type": "git",
                "url": "git://github.com/Behat/Gherkin.git",
                "reference": "v2.2.5"
            },
            "dist": {
                "type": "zip",
                "url": "https://github.com/Behat/Gherkin/zipball/v2.2.5",
                "reference": "v2.2.5",
                "shasum": ""
            },
            "require": {
                "php": ">=5.3.1",
                "symfony/finder": ">=2.0,<2.2-dev"
            },
            "require-dev": {
                "symfony/yaml": ">=2.0,<2.2-dev",
                "symfony/translation": ">=2.0,<2.2-dev",
                "symfony/config": ">=2.0,<2.2-dev"
            },
            "suggest": {
                "symfony/yaml": "If you want to parse features, represented in YAML files",
                "symfony/translation": "If you want to use Symfony2 translations adapter",
                "symfony/config": "If you want to use Config component to manage resources"
            },
            "time": "2012-09-26 03:03:21",
            "type": "library",
            "autoload": {
                "psr-0": {
                    "Behat\\Gherkin": "src/"
                }
            },
            "notification-url": "https://packagist.org/downloads/",
            "license": [
                "MIT"
            ],
            "authors": [
                {
                    "name": "Konstantin Kudryashov",
                    "email": "ever.zet@gmail.com",
                    "homepage": "http://everzet.com"
                }
            ],
            "description": "Gherkin DSL parser for PHP 5.3",
            "homepage": "http://behat.org/",
            "keywords": [
                "Symfony2",
                "BDD",
                "parser",
                "DSL",
                "Behat"
            ]
        },
        {
            "name": "behat/mink",
            "version": "v1.4.0",
            "source": {
                "type": "git",
                "url": "git://github.com/Behat/Mink.git",
                "reference": "v1.4.0"
            },
            "dist": {
                "type": "zip",
                "url": "https://github.com/Behat/Mink/zipball/v1.4.0",
                "reference": "v1.4.0",
                "shasum": ""
            },
            "require": {
                "php": ">=5.3.1",
                "symfony/css-selector": ">=2.0.0,<2.2.0-dev"
            },
            "require-dev": {
                "behat/mink-goutte-driver": "*",
                "behat/mink-sahi-driver": "*",
                "behat/mink-selenium-driver": "*",
                "behat/mink-selenium2-driver": "*",
                "behat/mink-zombie-driver": "*",
                "symfony/finder": ">=2.0.0,<2.2.0-dev"
            },
            "suggest": {
                "behat/mink-goutte-driver": "to enable Goutte support",
                "behat/mink-sahi-driver": "to enable Sahi.JS support",
                "behat/mink-selenium-driver": "to enable Selenium1 support",
                "behat/mink-selenium2-driver": "to enable Selenium2 (webdriver support)",
                "behat/mink-zombie-driver": "to enable Zombie.js support"
            },
            "time": "2012-05-29 15:50:10",
            "type": "library",
            "autoload": {
                "psr-0": {
                    "Behat\\Mink": "src/"
                }
            },
            "notification-url": "https://packagist.org/downloads/",
            "license": [
                "MIT"
            ],
            "authors": [
                {
                    "name": "Konstantin Kudryashov",
                    "email": "ever.zet@gmail.com",
                    "homepage": "http://everzet.com"
                }
            ],
            "description": "Web acceptance testing framework for PHP 5.3",
            "homepage": "http://mink.behat.org/",
            "keywords": [
                "testing",
                "browser",
                "web"
            ]
        },
        {
            "name": "behat/mink-browserkit-driver",
            "version": "dev-master",
            "source": {
                "type": "git",
                "url": "git://github.com/Behat/MinkBrowserKitDriver.git",
                "reference": "fa865aee4796ea08d38952b840267736be833d1d"
            },
            "dist": {
                "type": "zip",
                "url": "https://github.com/Behat/MinkBrowserKitDriver/archive/fa865aee4796ea08d38952b840267736be833d1d.zip",
                "reference": "fa865aee4796ea08d38952b840267736be833d1d",
                "shasum": ""
            },
            "require": {
                "php": ">=5.3.1",
                "symfony/browser-kit": ">=2.0.0,<2.3-dev",
                "symfony/dom-crawler": ">=2.0.0,<2.3-dev"
            },
            "time": "2012-11-18 17:19:25",
            "type": "mink-driver",
            "autoload": {
                "psr-0": {
                    "Behat\\Mink\\Driver": "src/"
                }
            },
            "notification-url": "https://packagist.org/downloads/",
            "license": [
                "MIT"
            ],
            "authors": [
                {
                    "name": "Konstantin Kudryashov",
                    "email": "ever.zet@gmail.com",
                    "homepage": "http://everzet.com"
                }
            ],
            "description": "Symfony2 BrowserKit driver for Mink framework",
            "homepage": "http://mink.behat.org/",
            "keywords": [
                "Symfony2",
                "testing",
                "browser"
            ]
        },
        {
            "name": "behat/mink-extension",
            "version": "dev-master",
            "source": {
                "type": "git",
                "url": "git://github.com/Behat/MinkExtension.git",
                "reference": "63ca078ecd8285972c6cb35c657e6df5fbfdf695"
            },
            "dist": {
                "type": "zip",
                "url": "https://github.com/Behat/MinkExtension/archive/63ca078ecd8285972c6cb35c657e6df5fbfdf695.zip",
                "reference": "63ca078ecd8285972c6cb35c657e6df5fbfdf695",
                "shasum": ""
            },
            "require": {
                "php": ">=5.3.2",
                "behat/behat": ">=2.4.0,<2.5.0",
                "behat/mink": ">=1.4.0,<1.5.0"
            },
            "require-dev": {
                "behat/mink-goutte-driver": "*"
            },
            "time": "2013-01-11 16:42:03",
            "type": "behat-extension",
            "autoload": {
                "psr-0": {
                    "Behat\\MinkExtension": "src/"
                }
            },
            "notification-url": "https://packagist.org/downloads/",
            "license": [
                "MIT"
            ],
            "authors": [
                {
                    "name": "Konstantin Kudryashov",
                    "email": "ever.zet@gmail.com",
                    "homepage": "http://everzet.com"
                }
            ],
            "description": "Mink extension for Behat",
            "homepage": "http://mink.behat.org",
            "keywords": [
                "test",
                "browser",
                "web",
                "gui"
            ]
        },
        {
            "name": "behat/mink-goutte-driver",
            "version": "dev-master",
            "source": {
                "type": "git",
                "url": "git://github.com/Behat/MinkGoutteDriver.git",
                "reference": "7a3a6448dafa165ef77533dc882b6ca7dad10c06"
            },
            "dist": {
                "type": "zip",
                "url": "https://github.com/Behat/MinkGoutteDriver/archive/7a3a6448dafa165ef77533dc882b6ca7dad10c06.zip",
                "reference": "7a3a6448dafa165ef77533dc882b6ca7dad10c06",
                "shasum": ""
            },
            "require": {
                "php": ">=5.3.1",
                "behat/mink": ">=1.4.0,<1.5.0-dev",
                "behat/mink-browserkit-driver": "*@dev",
                "fabpot/goutte": "1.0.*",
                "symfony/browser-kit": ">=2.1,<2.3-dev",
                "symfony/css-selector": ">=2.1,<2.3-dev",
                "symfony/dom-crawler": ">=2.1,<2.3-dev",
                "symfony/finder": ">=2.1,<2.3-dev",
                "symfony/process": ">=2.1,<2.3-dev"
            },
            "time": "2013-01-03 09:43:06",
            "type": "mink-driver",
            "autoload": {
                "psr-0": {
                    "Behat\\Mink\\Driver": "src/"
                }
            },
            "notification-url": "https://packagist.org/downloads/",
            "license": [
                "MIT"
            ],
            "authors": [
                {
                    "name": "Konstantin Kudryashov",
                    "email": "ever.zet@gmail.com",
                    "homepage": "http://everzet.com"
                }
            ],
            "description": "Goutte driver for Mink framework",
            "homepage": "http://mink.behat.org/",
            "keywords": [
                "testing",
                "browser",
                "goutte",
                "headless"
            ]
        },
        {
            "name": "behat/mink-selenium2-driver",
            "version": "dev-master",
            "source": {
                "type": "git",
                "url": "git://github.com/Behat/MinkSelenium2Driver.git",
                "reference": "e604ce91d65d01233b3f41ca58847c30138e6867"
            },
            "dist": {
                "type": "zip",
                "url": "https://github.com/Behat/MinkSelenium2Driver/archive/e604ce91d65d01233b3f41ca58847c30138e6867.zip",
                "reference": "e604ce91d65d01233b3f41ca58847c30138e6867",
                "shasum": ""
            },
            "require": {
                "php": ">=5.3.1",
                "instaclick/php-webdriver": "@dev",
                "behat/mink": "1.4.*"
            },
            "time": "2012-11-21 18:42:20",
            "type": "mink-driver",
            "autoload": {
                "psr-0": {
                    "Behat\\Mink\\Driver": "src/"
                }
            },
            "notification-url": "https://packagist.org/downloads/",
            "license": [
                "MIT"
            ],
            "authors": [
                {
                    "name": "Konstantin Kudryashov",
                    "email": "ever.zet@gmail.com",
                    "homepage": "http://everzet.com"
                }
            ],
            "description": "Selenium2 (WebDriver) driver for Mink framework",
            "homepage": "http://mink.behat.org/",
            "keywords": [
                "javascript",
                "testing",
                "browser",
                "ajax",
                "selenium",
                "webdriver"
            ]
        },
        {
            "name": "fabpot/goutte",
            "version": "dev-master",
            "source": {
                "type": "git",
                "url": "https://github.com/fabpot/Goutte",
                "reference": "0311a8950449aede3f582788f2948704526434cc"
            },
            "dist": {
                "type": "zip",
                "url": "https://github.com/fabpot/Goutte/archive/0311a8950449aede3f582788f2948704526434cc.zip",
                "reference": "0311a8950449aede3f582788f2948704526434cc",
                "shasum": ""
            },
            "require": {
                "php": ">=5.3.0",
                "ext-curl": "*",
                "guzzle/guzzle": "3.0.*",
                "symfony/browser-kit": ">=2.1, <2.3-dev",
                "symfony/css-selector": ">=2.1, <2.3-dev",
                "symfony/dom-crawler": ">=2.1, <2.3-dev",
                "symfony/finder": ">=2.1, <2.3-dev",
                "symfony/process": ">=2.1, <2.3-dev"
            },
            "time": "2013-01-04 16:53:28",
            "type": "application",
            "extra": {
                "branch-alias": {
                    "dev-master": "1.0-dev"
                }
            },
            "autoload": {
                "psr-0": {
                    "Goutte": "."
                }
            },
            "notification-url": "https://packagist.org/downloads/",
            "license": [
                "MIT"
            ],
            "authors": [
                {
                    "name": "Fabien Potencier",
                    "email": "fabien@symfony.com"
                }
            ],
            "description": "A simple PHP Web Scraper",
            "homepage": "https://github.com/fabpot/Goutte",
            "keywords": [
                "scraper"
            ]
        },
        {
            "name": "guzzle/guzzle",
            "version": "dev-master",
            "source": {
                "type": "git",
                "url": "https://github.com/guzzle/guzzle",
                "reference": "0688c9c59897c7156c138e251a27f76a9bd62e77"
            },
            "dist": {
                "type": "zip",
                "url": "https://github.com/guzzle/guzzle/archive/0688c9c59897c7156c138e251a27f76a9bd62e77.zip",
                "reference": "0688c9c59897c7156c138e251a27f76a9bd62e77",
                "shasum": ""
            },
            "require": {
                "php": ">=5.3.2",
                "ext-curl": "*",
                "symfony/event-dispatcher": ">=2.1"
            },
            "replace": {
                "guzzle/common": "self.version",
                "guzzle/http": "self.version",
                "guzzle/parser": "self.version",
                "guzzle/batch": "self.version",
                "guzzle/cache": "self.version",
                "guzzle/inflection": "self.version",
                "guzzle/iterator": "self.version",
                "guzzle/log": "self.version",
                "guzzle/plugin": "self.version",
                "guzzle/plugin-async": "self.version",
                "guzzle/plugin-backoff": "self.version",
                "guzzle/plugin-cache": "self.version",
                "guzzle/plugin-cookie": "self.version",
                "guzzle/plugin-curlauth": "self.version",
                "guzzle/plugin-history": "self.version",
                "guzzle/plugin-log": "self.version",
                "guzzle/plugin-mock": "self.version",
                "guzzle/plugin-oauth": "self.version",
                "guzzle/service": "self.version",
                "guzzle/stream": "self.version",
                "guzzle/plugin-md5": "self.version"
            },
            "require-dev": {
                "doctrine/common": "*",
                "symfony/class-loader": "*",
                "monolog/monolog": "1.*",
                "zend/zend-log1": "1.12",
                "zend/zend-cache1": "1.12",
                "zendframework/zend-cache": "2.0.*",
                "zendframework/zend-log": "2.0.*",
                "phpunit/phpunit": "3.7.*"
            },
            "suggest": {
                "symfony/class-loader": "*",
                "monolog/monolog": "*",
                "zend/zend-cache": "2.0.0beta3",
                "zend/zend-log": "2.0.0beta3"
            },
            "time": "2013-01-12 21:43:21",
            "type": "library",
            "extra": {
                "branch-alias": {
                    "dev-master": "3.0-dev"
                }
            },
            "autoload": {
                "psr-0": {
                    "Guzzle\\Tests": "tests/",
                    "Guzzle": "src/"
                }
            },
            "notification-url": "https://packagist.org/downloads/",
            "license": [
                "MIT"
            ],
            "authors": [
                {
                    "name": "Michael Dowling",
                    "email": "mtdowling@gmail.com",
                    "homepage": "https://github.com/mtdowling"
                },
                {
                    "name": "Guzzle Community",
                    "homepage": "https://github.com/guzzle/guzzle/contributors"
                }
            ],
            "description": "Guzzle is a PHP HTTP client library and framework for building RESTful web service clients",
            "homepage": "http://guzzlephp.org/",
            "keywords": [
                "framework",
                "curl",
                "http",
                "rest",
                "http client",
                "client",
                "web service"
            ]
        },
        {
            "name": "instaclick/php-webdriver",
            "version": "dev-master",
            "source": {
                "type": "git",
                "url": "https://github.com/instaclick/php-webdriver",
                "reference": "1.0.11"
            },
            "dist": {
                "type": "zip",
                "url": "https://github.com/instaclick/php-webdriver/archive/1.0.11.zip",
                "reference": "1.0.11",
                "shasum": ""
            },
            "require": {
                "php": ">=5.3.2"
            },
            "time": "2012-12-02 22:08:47",
            "type": "library",
            "autoload": {
                "psr-0": {
                    "WebDriver": "lib/"
                }
            },
            "notification-url": "https://packagist.org/downloads/",
            "license": [
                "Apache"
            ],
            "authors": [
                {
                    "name": "Justin Bishop",
                    "email": "jubishop@gmail.com",
                    "role": "Developer"
                },
                {
                    "name": "Anthon Pang",
                    "email": "apang@softwaredevelopment.ca",
                    "role": "Fork Maintainer"
                }
            ],
            "description": "PHP WebDriver for Selenium 2",
            "homepage": "http://instaclick.com/torontotechjobs/",
            "keywords": [
                "browser",
                "selenium",
                "webdriver",
                "webtest"
            ]
        },
        {
            "name": "symfony/browser-kit",
            "version": "dev-master",
            "target-dir": "Symfony/Component/BrowserKit",
            "source": {
                "type": "git",
                "url": "https://github.com/symfony/BrowserKit",
                "reference": "v2.2.0"
            },
            "dist": {
                "type": "zip",
                "url": "https://github.com/symfony/BrowserKit/archive/v2.2.0.zip",
                "reference": "v2.2.0",
                "shasum": ""
            },
            "require": {
                "php": ">=5.3.3",
                "symfony/dom-crawler": "2.2.*"
            },
            "require-dev": {
                "symfony/process": "2.2.*",
                "symfony/css-selector": "2.2.*"
            },
            "suggest": {
                "symfony/process": "2.2.*"
            },
            "time": "2013-01-04 16:58:00",
            "type": "library",
            "extra": {
                "branch-alias": {
                    "dev-master": "2.2-dev"
                }
            },
            "autoload": {
                "psr-0": {
                    "Symfony\\Component\\BrowserKit\\": ""
                }
            },
            "notification-url": "https://packagist.org/downloads/",
            "license": [
                "MIT"
            ],
            "authors": [
                {
                    "name": "Fabien Potencier",
                    "email": "fabien@symfony.com"
                },
                {
                    "name": "Symfony Community",
                    "homepage": "http://symfony.com/contributors"
                }
            ],
            "description": "Symfony BrowserKit Component",
            "homepage": "http://symfony.com"
        },
        {
            "name": "symfony/config",
            "version": "2.1.x-dev",
            "target-dir": "Symfony/Component/Config",
            "source": {
                "type": "git",
                "url": "https://github.com/symfony/Config",
                "reference": "4acb9aa24eeba54f3c18c776dcd9ff7d2b959603"
            },
            "dist": {
                "type": "zip",
                "url": "https://github.com/symfony/Config/archive/4acb9aa24eeba54f3c18c776dcd9ff7d2b959603.zip",
                "reference": "4acb9aa24eeba54f3c18c776dcd9ff7d2b959603",
                "shasum": ""
            },
            "require": {
                "php": ">=5.3.3"
            },
            "time": "2013-01-09 08:51:07",
            "type": "library",
            "autoload": {
                "psr-0": {
                    "Symfony\\Component\\Config": ""
                }
            },
            "notification-url": "https://packagist.org/downloads/",
            "license": [
                "MIT"
            ],
            "authors": [
                {
                    "name": "Fabien Potencier",
                    "email": "fabien@symfony.com"
                },
                {
                    "name": "Symfony Community",
                    "homepage": "http://symfony.com/contributors"
                }
            ],
            "description": "Symfony Config Component",
            "homepage": "http://symfony.com"
        },
        {
            "name": "symfony/console",
            "version": "2.1.x-dev",
            "target-dir": "Symfony/Component/Console",
            "source": {
                "type": "git",
                "url": "https://github.com/symfony/Console",
                "reference": "fc27a6b04f5425036764e4bfa96c9c889f34c957"
            },
            "dist": {
                "type": "zip",
                "url": "https://github.com/symfony/Console/archive/fc27a6b04f5425036764e4bfa96c9c889f34c957.zip",
                "reference": "fc27a6b04f5425036764e4bfa96c9c889f34c957",
                "shasum": ""
            },
            "require": {
                "php": ">=5.3.3"
            },
            "time": "2013-01-09 08:51:07",
            "type": "library",
            "autoload": {
                "psr-0": {
                    "Symfony\\Component\\Console": ""
                }
            },
            "notification-url": "https://packagist.org/downloads/",
            "license": [
                "MIT"
            ],
            "authors": [
                {
                    "name": "Fabien Potencier",
                    "email": "fabien@symfony.com"
                },
                {
                    "name": "Symfony Community",
                    "homepage": "http://symfony.com/contributors"
                }
            ],
            "description": "Symfony Console Component",
            "homepage": "http://symfony.com"
        },
        {
            "name": "symfony/css-selector",
            "version": "2.1.x-dev",
            "target-dir": "Symfony/Component/CssSelector",
            "source": {
                "type": "git",
                "url": "https://github.com/symfony/CssSelector",
                "reference": "8e8cb053407749391e14c0cae7ac3b7e155c1392"
            },
            "dist": {
                "type": "zip",
                "url": "https://github.com/symfony/CssSelector/archive/8e8cb053407749391e14c0cae7ac3b7e155c1392.zip",
                "reference": "8e8cb053407749391e14c0cae7ac3b7e155c1392",
                "shasum": ""
            },
            "require": {
                "php": ">=5.3.3"
            },
            "time": "2013-01-09 08:51:07",
            "type": "library",
            "autoload": {
                "psr-0": {
                    "Symfony\\Component\\CssSelector": ""
                }
            },
            "notification-url": "https://packagist.org/downloads/",
            "license": [
                "MIT"
            ],
            "authors": [
                {
                    "name": "Fabien Potencier",
                    "email": "fabien@symfony.com"
                },
                {
                    "name": "Symfony Community",
                    "homepage": "http://symfony.com/contributors"
                }
            ],
            "description": "Symfony CssSelector Component",
            "homepage": "http://symfony.com"
        },
        {
            "name": "symfony/dependency-injection",
            "version": "2.1.x-dev",
            "target-dir": "Symfony/Component/DependencyInjection",
            "source": {
                "type": "git",
                "url": "https://github.com/symfony/DependencyInjection",
                "reference": "6cd2da866d07a2133846e04b8f92c066703e94f3"
            },
            "dist": {
                "type": "zip",
                "url": "https://github.com/symfony/DependencyInjection/archive/6cd2da866d07a2133846e04b8f92c066703e94f3.zip",
                "reference": "6cd2da866d07a2133846e04b8f92c066703e94f3",
                "shasum": ""
            },
            "require": {
                "php": ">=5.3.3"
            },
            "require-dev": {
                "symfony/yaml": "2.1.*",
                "symfony/config": "2.1.*"
            },
            "suggest": {
                "symfony/yaml": "2.1.*",
                "symfony/config": "2.1.*"
            },
            "time": "2013-01-09 08:51:07",
            "type": "library",
            "autoload": {
                "psr-0": {
                    "Symfony\\Component\\DependencyInjection": ""
                }
            },
            "notification-url": "https://packagist.org/downloads/",
            "license": [
                "MIT"
            ],
            "authors": [
                {
                    "name": "Fabien Potencier",
                    "email": "fabien@symfony.com"
                },
                {
                    "name": "Symfony Community",
                    "homepage": "http://symfony.com/contributors"
                }
            ],
            "description": "Symfony DependencyInjection Component",
            "homepage": "http://symfony.com"
        },
        {
            "name": "symfony/dom-crawler",
            "version": "dev-master",
            "target-dir": "Symfony/Component/DomCrawler",
            "source": {
                "type": "git",
                "url": "https://github.com/symfony/DomCrawler",
                "reference": "v2.2.0"
            },
            "dist": {
                "type": "zip",
                "url": "https://github.com/symfony/DomCrawler/archive/v2.2.0.zip",
                "reference": "v2.2.0",
                "shasum": ""
            },
            "require": {
                "php": ">=5.3.3"
            },
            "require-dev": {
                "symfony/css-selector": "2.2.*"
            },
            "suggest": {
                "symfony/css-selector": "2.2.*"
            },
            "time": "2013-01-04 16:58:00",
            "type": "library",
            "extra": {
                "branch-alias": {
                    "dev-master": "2.2-dev"
                }
            },
            "autoload": {
                "psr-0": {
                    "Symfony\\Component\\DomCrawler\\": ""
                }
            },
            "notification-url": "https://packagist.org/downloads/",
            "license": [
                "MIT"
            ],
            "authors": [
                {
                    "name": "Fabien Potencier",
                    "email": "fabien@symfony.com"
                },
                {
                    "name": "Symfony Community",
                    "homepage": "http://symfony.com/contributors"
                }
            ],
            "description": "Symfony DomCrawler Component",
            "homepage": "http://symfony.com"
        },
        {
            "name": "symfony/event-dispatcher",
            "version": "2.1.x-dev",
            "target-dir": "Symfony/Component/EventDispatcher",
            "source": {
                "type": "git",
                "url": "https://github.com/symfony/EventDispatcher",
                "reference": "593ca3bb9ed5eccc1156c402102d9b5bb07cd783"
            },
            "dist": {
                "type": "zip",
                "url": "https://github.com/symfony/EventDispatcher/archive/593ca3bb9ed5eccc1156c402102d9b5bb07cd783.zip",
                "reference": "593ca3bb9ed5eccc1156c402102d9b5bb07cd783",
                "shasum": ""
            },
            "require": {
                "php": ">=5.3.3"
            },
            "require-dev": {
                "symfony/dependency-injection": "2.1.*"
            },
            "suggest": {
                "symfony/dependency-injection": "2.1.*",
                "symfony/http-kernel": "2.1.*"
            },
            "time": "2013-01-09 08:51:07",
            "type": "library",
            "autoload": {
                "psr-0": {
                    "Symfony\\Component\\EventDispatcher": ""
                }
            },
            "notification-url": "https://packagist.org/downloads/",
            "license": [
                "MIT"
            ],
            "authors": [
                {
                    "name": "Fabien Potencier",
                    "email": "fabien@symfony.com"
                },
                {
                    "name": "Symfony Community",
                    "homepage": "http://symfony.com/contributors"
                }
            ],
            "description": "Symfony EventDispatcher Component",
            "homepage": "http://symfony.com"
        },
        {
            "name": "symfony/finder",
            "version": "2.1.x-dev",
            "target-dir": "Symfony/Component/Finder",
            "source": {
                "type": "git",
                "url": "https://github.com/symfony/Finder",
                "reference": "c66d4fc4d39d34de3b9baac6a2ecd2461a282494"
            },
            "dist": {
                "type": "zip",
                "url": "https://github.com/symfony/Finder/archive/c66d4fc4d39d34de3b9baac6a2ecd2461a282494.zip",
                "reference": "c66d4fc4d39d34de3b9baac6a2ecd2461a282494",
                "shasum": ""
            },
            "require": {
                "php": ">=5.3.3"
            },
            "time": "2013-01-09 08:51:07",
            "type": "library",
            "autoload": {
                "psr-0": {
                    "Symfony\\Component\\Finder": ""
                }
            },
            "notification-url": "https://packagist.org/downloads/",
            "license": [
                "MIT"
            ],
            "authors": [
                {
                    "name": "Fabien Potencier",
                    "email": "fabien@symfony.com"
                },
                {
                    "name": "Symfony Community",
                    "homepage": "http://symfony.com/contributors"
                }
            ],
            "description": "Symfony Finder Component",
            "homepage": "http://symfony.com"
        },
        {
            "name": "symfony/process",
            "version": "dev-master",
            "target-dir": "Symfony/Component/Process",
            "source": {
                "type": "git",
                "url": "https://github.com/symfony/Process",
                "reference": "v2.2.0"
            },
            "dist": {
                "type": "zip",
                "url": "https://github.com/symfony/Process/archive/v2.2.0.zip",
                "reference": "v2.2.0",
                "shasum": ""
            },
            "require": {
                "php": ">=5.3.3"
            },
            "time": "2013-01-05 18:24:35",
            "type": "library",
            "extra": {
                "branch-alias": {
                    "dev-master": "2.2-dev"
                }
            },
            "autoload": {
                "psr-0": {
                    "Symfony\\Component\\Process\\": ""
                }
            },
            "notification-url": "https://packagist.org/downloads/",
            "license": [
                "MIT"
            ],
            "authors": [
                {
                    "name": "Fabien Potencier",
                    "email": "fabien@symfony.com"
                },
                {
                    "name": "Symfony Community",
                    "homepage": "http://symfony.com/contributors"
                }
            ],
            "description": "Symfony Process Component",
            "homepage": "http://symfony.com"
        },
        {
            "name": "symfony/translation",
            "version": "2.1.x-dev",
            "target-dir": "Symfony/Component/Translation",
            "source": {
                "type": "git",
                "url": "https://github.com/symfony/Translation",
                "reference": "331f25563a58ec768b59137f8ef34cb5fb1ab330"
            },
            "dist": {
                "type": "zip",
                "url": "https://github.com/symfony/Translation/archive/331f25563a58ec768b59137f8ef34cb5fb1ab330.zip",
                "reference": "331f25563a58ec768b59137f8ef34cb5fb1ab330",
                "shasum": ""
            },
            "require": {
                "php": ">=5.3.3"
            },
            "require-dev": {
                "symfony/config": "2.1.*",
                "symfony/yaml": "2.1.*"
            },
            "suggest": {
                "symfony/config": "2.1.*",
                "symfony/yaml": "2.1.*"
            },
            "time": "2013-01-09 08:51:07",
            "type": "library",
            "autoload": {
                "psr-0": {
                    "Symfony\\Component\\Translation": ""
                }
            },
            "notification-url": "https://packagist.org/downloads/",
            "license": [
                "MIT"
            ],
            "authors": [
                {
                    "name": "Fabien Potencier",
                    "email": "fabien@symfony.com"
                },
                {
                    "name": "Symfony Community",
                    "homepage": "http://symfony.com/contributors"
                }
            ],
            "description": "Symfony Translation Component",
            "homepage": "http://symfony.com"
        },
        {
            "name": "symfony/yaml",
            "version": "2.1.x-dev",
            "target-dir": "Symfony/Component/Yaml",
            "source": {
                "type": "git",
                "url": "https://github.com/symfony/Yaml",
                "reference": "7dd042765a3299d7cb1627ca9e6ffdb59fc54058"
            },
            "dist": {
                "type": "zip",
                "url": "https://github.com/symfony/Yaml/archive/7dd042765a3299d7cb1627ca9e6ffdb59fc54058.zip",
                "reference": "7dd042765a3299d7cb1627ca9e6ffdb59fc54058",
                "shasum": ""
            },
            "require": {
                "php": ">=5.3.3"
            },
            "time": "2013-01-09 08:51:07",
            "type": "library",
            "autoload": {
                "psr-0": {
                    "Symfony\\Component\\Yaml": ""
                }
            },
            "notification-url": "https://packagist.org/downloads/",
            "license": [
                "MIT"
            ],
            "authors": [
                {
                    "name": "Fabien Potencier",
                    "email": "fabien@symfony.com"
                },
                {
                    "name": "Symfony Community",
                    "homepage": "http://symfony.com/contributors"
                }
            ],
            "description": "Symfony Yaml Component",
            "homepage": "http://symfony.com"
        }
    ],
    "packages-dev": null,
    "aliases": [

    ],
    "minimum-stability": "dev",
    "stability-flags": {
        "behat/mink": 0,
        "behat/behat": 0
    }
}
